
Microsoft Visual Studio Solution File, Format Version 12.00
# Visual Studio Version 16
VisualStudioVersion = 16.0.30128.74
MinimumVisualStudioVersion = 10.0.40219.1
Project("{9A19103F-16F7-4668-BE54-9A1E7A4F7556}") = "Client", "Client\Client.csproj", "{71229065-6E6D-4F0F-8238-ED9997E857DC}"
EndProject
Project("{9A19103F-16F7-4668-BE54-9A1E7A4F7556}") = "ProtocolGenerator", "ProtocolGenerator\ProtocolGenerator.csproj", "{4E1E155B-FDA5-4B1B-8E2A-2102CED6FB53}"
EndProject
Project("{9A19103F-16F7-4668-BE54-9A1E7A4F7556}") = "CSharpServer", "GameServer\CSharpServer.csproj", "{F1270BC9-80E4-42BA-8C07-5987237B7914}"
EndProject
Project("{9A19103F-16F7-4668-BE54-9A1E7A4F7556}") = "RestAPIServer", "RestAPIServer\RestAPIServer.csproj", "{A6AE5318-7A0E-4EA1-A597-EBFC70EC4201}"
EndProject
Project("{8BC9CEB8-8B4A-11D0-8D11-00A0C91BC942}") = "CppServer", "CppServer\CppServer.vcxproj", "{4CE37B70-9A78-490A-9D45-FDD705833DD4}"
EndProject
Global
	GlobalSection(SolutionConfigurationPlatforms) = preSolution
		Debug|Any CPU = Debug|Any CPU
		Debug|x64 = Debug|x64
		Debug|x86 = Debug|x86
		Release|Any CPU = Release|Any CPU
		Release|x64 = Release|x64
		Release|x86 = Release|x86
	EndGlobalSection
	GlobalSection(ProjectConfigurationPlatforms) = postSolution
		{71229065-6E6D-4F0F-8238-ED9997E857DC}.Debug|Any CPU.ActiveCfg = Debug|Any CPU
		{71229065-6E6D-4F0F-8238-ED9997E857DC}.Debug|Any CPU.Build.0 = Debug|Any CPU
		{71229065-6E6D-4F0F-8238-ED9997E857DC}.Debug|x64.ActiveCfg = Debug|Any CPU
		{71229065-6E6D-4F0F-8238-ED9997E857DC}.Debug|x64.Build.0 = Debug|Any CPU
		{71229065-6E6D-4F0F-8238-ED9997E857DC}.Debug|x86.ActiveCfg = Debug|Any CPU
		{71229065-6E6D-4F0F-8238-ED9997E857DC}.Debug|x86.Build.0 = Debug|Any CPU
		{71229065-6E6D-4F0F-8238-ED9997E857DC}.Release|Any CPU.ActiveCfg = Release|Any CPU
		{71229065-6E6D-4F0F-8238-ED9997E857DC}.Release|Any CPU.Build.0 = Release|Any CPU
		{71229065-6E6D-4F0F-8238-ED9997E857DC}.Release|x64.ActiveCfg = Release|Any CPU
		{71229065-6E6D-4F0F-8238-ED9997E857DC}.Release|x64.Build.0 = Release|Any CPU
		{71229065-6E6D-4F0F-8238-ED9997E857DC}.Release|x86.ActiveCfg = Release|Any CPU
		{71229065-6E6D-4F0F-8238-ED9997E857DC}.Release|x86.Build.0 = Release|Any CPU
		{4E1E155B-FDA5-4B1B-8E2A-2102CED6FB53}.Debug|Any CPU.ActiveCfg = Debug|Any CPU
		{4E1E155B-FDA5-4B1B-8E2A-2102CED6FB53}.Debug|Any CPU.Build.0 = Debug|Any CPU
		{4E1E155B-FDA5-4B1B-8E2A-2102CED6FB53}.Debug|x64.ActiveCfg = Debug|Any CPU
		{4E1E155B-FDA5-4B1B-8E2A-2102CED6FB53}.Debug|x64.Build.0 = Debug|Any CPU
		{4E1E155B-FDA5-4B1B-8E2A-2102CED6FB53}.Debug|x86.ActiveCfg = Debug|Any CPU
		{4E1E155B-FDA5-4B1B-8E2A-2102CED6FB53}.Debug|x86.Build.0 = Debug|Any CPU
		{4E1E155B-FDA5-4B1B-8E2A-2102CED6FB53}.Release|Any CPU.ActiveCfg = Release|Any CPU
		{4E1E155B-FDA5-4B1B-8E2A-2102CED6FB53}.Release|Any CPU.Build.0 = Release|Any CPU
		{4E1E155B-FDA5-4B1B-8E2A-2102CED6FB53}.Release|x64.ActiveCfg = Release|Any CPU
		{4E1E155B-FDA5-4B1B-8E2A-2102CED6FB53}.Release|x64.Build.0 = Release|Any CPU
		{4E1E155B-FDA5-4B1B-8E2A-2102CED6FB53}.Release|x86.ActiveCfg = Release|Any CPU
		{4E1E155B-FDA5-4B1B-8E2A-2102CED6FB53}.Release|x86.Build.0 = Release|Any CPU
		{F1270BC9-80E4-42BA-8C07-5987237B7914}.Debug|Any CPU.ActiveCfg = Debug|Any CPU
		{F1270BC9-80E4-42BA-8C07-5987237B7914}.Debug|Any CPU.Build.0 = Debug|Any CPU
		{F1270BC9-80E4-42BA-8C07-5987237B7914}.Debug|x64.ActiveCfg = Debug|Any CPU
		{F1270BC9-80E4-42BA-8C07-5987237B7914}.Debug|x64.Build.0 = Debug|Any CPU
		{F1270BC9-80E4-42BA-8C07-5987237B7914}.Debug|x86.ActiveCfg = Debug|Any CPU
		{F1270BC9-80E4-42BA-8C07-5987237B7914}.Debug|x86.Build.0 = Debug|Any CPU
		{F1270BC9-80E4-42BA-8C07-5987237B7914}.Release|Any CPU.ActiveCfg = Release|Any CPU
		{F1270BC9-80E4-42BA-8C07-5987237B7914}.Release|Any CPU.Build.0 = Release|Any CPU
		{F1270BC9-80E4-42BA-8C07-5987237B7914}.Release|x64.ActiveCfg = Release|Any CPU
		{F1270BC9-80E4-42BA-8C07-5987237B7914}.Release|x64.Build.0 = Release|Any CPU
		{F1270BC9-80E4-42BA-8C07-5987237B7914}.Release|x86.ActiveCfg = Release|Any CPU
		{F1270BC9-80E4-42BA-8C07-5987237B7914}.Release|x86.Build.0 = Release|Any CPU
		{A6AE5318-7A0E-4EA1-A597-EBFC70EC4201}.Debug|Any CPU.ActiveCfg = Debug|Any CPU
		{A6AE5318-7A0E-4EA1-A597-EBFC70EC4201}.Debug|Any CPU.Build.0 = Debug|Any CPU
		{A6AE5318-7A0E-4EA1-A597-EBFC70EC4201}.Debug|x64.ActiveCfg = Debug|Any CPU
		{A6AE5318-7A0E-4EA1-A597-EBFC70EC4201}.Debug|x64.Build.0 = Debug|Any CPU
		{A6AE5318-7A0E-4EA1-A597-EBFC70EC4201}.Debug|x86.ActiveCfg = Debug|Any CPU
		{A6AE5318-7A0E-4EA1-A597-EBFC70EC4201}.Debug|x86.Build.0 = Debug|Any CPU
		{A6AE5318-7A0E-4EA1-A597-EBFC70EC4201}.Release|Any CPU.ActiveCfg = Release|Any CPU
		{A6AE5318-7A0E-4EA1-A597-EBFC70EC4201}.Release|Any CPU.Build.0 = Release|Any CPU
		{A6AE5318-7A0E-4EA1-A597-EBFC70EC4201}.Release|x64.ActiveCfg = Release|Any CPU
		{A6AE5318-7A0E-4EA1-A597-EBFC70EC4201}.Release|x64.Build.0 = Release|Any CPU
		{A6AE5318-7A0E-4EA1-A597-EBFC70EC4201}.Release|x86.ActiveCfg = Release|Any CPU
		{A6AE5318-7A0E-4EA1-A597-EBFC70EC4201}.Release|x86.Build.0 = Release|Any CPU
		{4CE37B70-9A78-490A-9D45-FDD705833DD4}.Debug|Any CPU.ActiveCfg = Debug|Win32
		{4CE37B70-9A78-490A-9D45-FDD705833DD4}.Debug|x64.ActiveCfg = Debug|x64
		{4CE37B70-9A78-490A-9D45-FDD705833DD4}.Debug|x64.Build.0 = Debug|x64
		{4CE37B70-9A78-490A-9D45-FDD705833DD4}.Debug|x86.ActiveCfg = Debug|Win32
		{4CE37B70-9A78-490A-9D45-FDD705833DD4}.Debug|x86.Build.0 = Debug|Win32
		{4CE37B70-9A78-490A-9D45-FDD705833DD4}.Release|Any CPU.ActiveCfg = Release|Win32
		{4CE37B70-9A78-490A-9D45-FDD705833DD4}.Release|x64.ActiveCfg = Release|x64
		{4CE37B70-9A78-490A-9D45-FDD705833DD4}.Release|x64.Build.0 = Release|x64
		{4CE37B70-9A78-490A-9D45-FDD705833DD4}.Release|x86.ActiveCfg = Release|Win32
		{4CE37B70-9A78-490A-9D45-FDD705833DD4}.Release|x86.Build.0 = Release|Win32
	EndGlobalSection
	GlobalSection(SolutionProperties) = preSolution
		HideSolutionNode = FALSE
	EndGlobalSection
	GlobalSection(ExtensibilityGlobals) = postSolution
		SolutionGuid = {3771E908-F4DC-4E39-9F7C-17C055600561}
	EndGlobalSection
EndGlobal
