
Microsoft Visual Studio Solution File, Format Version 12.00
# Visual Studio Version 16
VisualStudioVersion = 16.0.30128.74
MinimumVisualStudioVersion = 10.0.40219.1
Project("{FAE04EC0-301F-11D3-BF4B-00C04F79EFBC}") = "AntoriGameNetwork", "AntoriGameNetwork\AntoriGameNetwork.csproj", "{8CFA8181-4EF8-438A-A356-0A7CCB021A8E}"
EndProject
Global
	GlobalSection(SolutionConfigurationPlatforms) = preSolution
		Debug|Any CPU = Debug|Any CPU
		Release|Any CPU = Release|Any CPU
	EndGlobalSection
	GlobalSection(ProjectConfigurationPlatforms) = postSolution
		{8CFA8181-4EF8-438A-A356-0A7CCB021A8E}.Debug|Any CPU.ActiveCfg = Debug|Any CPU
		{8CFA8181-4EF8-438A-A356-0A7CCB021A8E}.Debug|Any CPU.Build.0 = Debug|Any CPU
		{8CFA8181-4EF8-438A-A356-0A7CCB021A8E}.Release|Any CPU.ActiveCfg = Release|Any CPU
		{8CFA8181-4EF8-438A-A356-0A7CCB021A8E}.Release|Any CPU.Build.0 = Release|Any CPU
	EndGlobalSection
	GlobalSection(SolutionProperties) = preSolution
		HideSolutionNode = FALSE
	EndGlobalSection
	GlobalSection(ExtensibilityGlobals) = postSolution
		SolutionGuid = {3771E908-F4DC-4E39-9F7C-17C055600561}
	EndGlobalSection
EndGlobal
